
Microsoft Visual Studio Solution File, Format Version 12.00
# Visual Studio Version 17
VisualStudioVersion = 17.0.31903.59
MinimumVisualStudioVersion = 10.0.40219.1
Project("{FAE04EC0-301F-11D3-BF4B-00C04F79EFBC}") = "SoaresStore.Domain", "SoaresStore.Domain\SoaresStore.Domain.csproj", "{06446233-3CEF-4CB6-976A-491FAB44E7A2}"
EndProject
Project("{FAE04EC0-301F-11D3-BF4B-00C04F79EFBC}") = "SoaresStore.Application", "SoaresStore.Application\SoaresStore.Application.csproj", "{77129AE7-937D-4AE0-BA4C-9411280B44AF}"
EndProject
Global
	GlobalSection(SolutionConfigurationPlatforms) = preSolution
		Debug|Any CPU = Debug|Any CPU
		Debug|x64 = Debug|x64
		Debug|x86 = Debug|x86
		Release|Any CPU = Release|Any CPU
		Release|x64 = Release|x64
		Release|x86 = Release|x86
	EndGlobalSection
	GlobalSection(ProjectConfigurationPlatforms) = postSolution
		{06446233-3CEF-4CB6-976A-491FAB44E7A2}.Debug|Any CPU.ActiveCfg = Debug|Any CPU
		{06446233-3CEF-4CB6-976A-491FAB44E7A2}.Debug|Any CPU.Build.0 = Debug|Any CPU
		{06446233-3CEF-4CB6-976A-491FAB44E7A2}.Debug|x64.ActiveCfg = Debug|Any CPU
		{06446233-3CEF-4CB6-976A-491FAB44E7A2}.Debug|x64.Build.0 = Debug|Any CPU
		{06446233-3CEF-4CB6-976A-491FAB44E7A2}.Debug|x86.ActiveCfg = Debug|Any CPU
		{06446233-3CEF-4CB6-976A-491FAB44E7A2}.Debug|x86.Build.0 = Debug|Any CPU
		{06446233-3CEF-4CB6-976A-491FAB44E7A2}.Release|Any CPU.ActiveCfg = Release|Any CPU
		{06446233-3CEF-4CB6-976A-491FAB44E7A2}.Release|Any CPU.Build.0 = Release|Any CPU
		{06446233-3CEF-4CB6-976A-491FAB44E7A2}.Release|x64.ActiveCfg = Release|Any CPU
		{06446233-3CEF-4CB6-976A-491FAB44E7A2}.Release|x64.Build.0 = Release|Any CPU
		{06446233-3CEF-4CB6-976A-491FAB44E7A2}.Release|x86.ActiveCfg = Release|Any CPU
		{06446233-3CEF-4CB6-976A-491FAB44E7A2}.Release|x86.Build.0 = Release|Any CPU
		{77129AE7-937D-4AE0-BA4C-9411280B44AF}.Debug|Any CPU.ActiveCfg = Debug|Any CPU
		{77129AE7-937D-4AE0-BA4C-9411280B44AF}.Debug|Any CPU.Build.0 = Debug|Any CPU
		{77129AE7-937D-4AE0-BA4C-9411280B44AF}.Debug|x64.ActiveCfg = Debug|Any CPU
		{77129AE7-937D-4AE0-BA4C-9411280B44AF}.Debug|x64.Build.0 = Debug|Any CPU
		{77129AE7-937D-4AE0-BA4C-9411280B44AF}.Debug|x86.ActiveCfg = Debug|Any CPU
		{77129AE7-937D-4AE0-BA4C-9411280B44AF}.Debug|x86.Build.0 = Debug|Any CPU
		{77129AE7-937D-4AE0-BA4C-9411280B44AF}.Release|Any CPU.ActiveCfg = Release|Any CPU
		{77129AE7-937D-4AE0-BA4C-9411280B44AF}.Release|Any CPU.Build.0 = Release|Any CPU
		{77129AE7-937D-4AE0-BA4C-9411280B44AF}.Release|x64.ActiveCfg = Release|Any CPU
		{77129AE7-937D-4AE0-BA4C-9411280B44AF}.Release|x64.Build.0 = Release|Any CPU
		{77129AE7-937D-4AE0-BA4C-9411280B44AF}.Release|x86.ActiveCfg = Release|Any CPU
		{77129AE7-937D-4AE0-BA4C-9411280B44AF}.Release|x86.Build.0 = Release|Any CPU
	EndGlobalSection
	GlobalSection(SolutionProperties) = preSolution
		HideSolutionNode = FALSE
	EndGlobalSection
EndGlobal
